
Microsoft Visual Studio Solution File, Format Version 12.00
# Visual Studio 15
VisualStudioVersion = 15.0.28307.852
MinimumVisualStudioVersion = 10.0.40219.1
Project("{FAE04EC0-301F-11D3-BF4B-00C04F79EFBC}") = "MusteriCariPortal", "MusteriCariPortal\MusteriCariPortal.csproj", "{818209A2-BA3A-4D5F-ABAA-AD296B89632A}"
EndProject
Global
	GlobalSection(SolutionConfigurationPlatforms) = preSolution
		Debug|Any CPU = Debug|Any CPU
		Release|Any CPU = Release|Any CPU
	EndGlobalSection
	GlobalSection(ProjectConfigurationPlatforms) = postSolution
		{818209A2-BA3A-4D5F-ABAA-AD296B89632A}.Debug|Any CPU.ActiveCfg = Debug|Any CPU
		{818209A2-BA3A-4D5F-ABAA-AD296B89632A}.Debug|Any CPU.Build.0 = Debug|Any CPU
		{818209A2-BA3A-4D5F-ABAA-AD296B89632A}.Release|Any CPU.ActiveCfg = Release|Any CPU
		{818209A2-BA3A-4D5F-ABAA-AD296B89632A}.Release|Any CPU.Build.0 = Release|Any CPU
	EndGlobalSection
	GlobalSection(SolutionProperties) = preSolution
		HideSolutionNode = FALSE
	EndGlobalSection
	GlobalSection(ExtensibilityGlobals) = postSolution
		SolutionGuid = {B9105013-1C24-4A5C-8233-99299601F32F}
	EndGlobalSection
EndGlobal
